// !$*UTF8*$!
{
	archiveVersion = 1;
	classes = {
	};
	objectVersion = 50;
	objects = {

/* Begin PBXBuildFile section */
		5F2964BB21211A2D00151F8F /* AppDelegate.swift in Sources */ = {isa = PBXBuildFile; fileRef = 5F2964BA21211A2D00151F8F /* AppDelegate.swift */; };
		5F2964BD21211A2D00151F8F /* TodoList.swift in Sources */ = {isa = PBXBuildFile; fileRef = 5F2964BC21211A2D00151F8F /* TodoList.swift */; };
		5F2964C021211A2D00151F8F /* Main.storyboard in Resources */ = {isa = PBXBuildFile; fileRef = 5F2964BE21211A2D00151F8F /* Main.storyboard */; };
		5F2964C221211A2E00151F8F /* Assets.xcassets in Resources */ = {isa = PBXBuildFile; fileRef = 5F2964C121211A2E00151F8F /* Assets.xcassets */; };
		5F2964C521211A2E00151F8F /* LaunchScreen.storyboard in Resources */ = {isa = PBXBuildFile; fileRef = 5F2964C321211A2E00151F8F /* LaunchScreen.storyboard */; };
		5F2A66F12154F32100E8415D /* Item.swift in Sources */ = {isa = PBXBuildFile; fileRef = 5F2A66F02154F32100E8415D /* Item.swift */; };
		5F2A66F32154F33200E8415D /* Category.swift in Sources */ = {isa = PBXBuildFile; fileRef = 5F2A66F22154F33200E8415D /* Category.swift */; };
		5F44146F21489CD90076FD08 /* Categories.swift in Sources */ = {isa = PBXBuildFile; fileRef = 5F44146E21489CD90076FD08 /* Categories.swift */; };
		E2D4615F3E3CB61880E51272 /* Pods_Todo3000.framework in Frameworks */ = {isa = PBXBuildFile; fileRef = 5B030FD1B2661744A3A54BF0 /* Pods_Todo3000.framework */; };
/* End PBXBuildFile section */

/* Begin PBXFileReference section */
		5B030FD1B2661744A3A54BF0 /* Pods_Todo3000.framework */ = {isa = PBXFileReference; explicitFileType = wrapper.framework; includeInIndex = 0; path = Pods_Todo3000.framework; sourceTree = BUILT_PRODUCTS_DIR; };
		5F2964B721211A2D00151F8F /* Todo3000.app */ = {isa = PBXFileReference; explicitFileType = wrapper.application; includeInIndex = 0; path = Todo3000.app; sourceTree = BUILT_PRODUCTS_DIR; };
		5F2964BA21211A2D00151F8F /* AppDelegate.swift */ = {isa = PBXFileReference; lastKnownFileType = sourcecode.swift; path = AppDelegate.swift; sourceTree = "<group>"; };
		5F2964BC21211A2D00151F8F /* TodoList.swift */ = {isa = PBXFileReference; lastKnownFileType = sourcecode.swift; path = TodoList.swift; sourceTree = "<group>"; };
		5F2964BF21211A2D00151F8F /* Base */ = {isa = PBXFileReference; lastKnownFileType = file.storyboard; name = Base; path = Base.lproj/Main.storyboard; sourceTree = "<group>"; };
		5F2964C121211A2E00151F8F /* Assets.xcassets */ = {isa = PBXFileReference; lastKnownFileType = folder.assetcatalog; path = Assets.xcassets; sourceTree = "<group>"; };
		5F2964C421211A2E00151F8F /* Base */ = {isa = PBXFileReference; lastKnownFileType = file.storyboard; name = Base; path = Base.lproj/LaunchScreen.storyboard; sourceTree = "<group>"; };
		5F2964C621211A2E00151F8F /* Info.plist */ = {isa = PBXFileReference; lastKnownFileType = text.plist.xml; path = Info.plist; sourceTree = "<group>"; };
		5F2A66F02154F32100E8415D /* Item.swift */ = {isa = PBXFileReference; lastKnownFileType = sourcecode.swift; path = Item.swift; sourceTree = "<group>"; };
		5F2A66F22154F33200E8415D /* Category.swift */ = {isa = PBXFileReference; lastKnownFileType = sourcecode.swift; path = Category.swift; sourceTree = "<group>"; };
		5F44146E21489CD90076FD08 /* Categories.swift */ = {isa = PBXFileReference; lastKnownFileType = sourcecode.swift; path = Categories.swift; sourceTree = "<group>"; };
		7FE8A440ABC031FE9E9B03D0 /* Pods-Todo3000.debug.xcconfig */ = {isa = PBXFileReference; includeInIndex = 1; lastKnownFileType = text.xcconfig; name = "Pods-Todo3000.debug.xcconfig"; path = "Pods/Target Support Files/Pods-Todo3000/Pods-Todo3000.debug.xcconfig"; sourceTree = "<group>"; };
		F3B1395D94D35D71E0F999AA /* Pods-Todo3000.release.xcconfig */ = {isa = PBXFileReference; includeInIndex = 1; lastKnownFileType = text.xcconfig; name = "Pods-Todo3000.release.xcconfig"; path = "Pods/Target Support Files/Pods-Todo3000/Pods-Todo3000.release.xcconfig"; sourceTree = "<group>"; };
/* End PBXFileReference section */

/* Begin PBXFrameworksBuildPhase section */
		5F2964B421211A2D00151F8F /* Frameworks */ = {
			isa = PBXFrameworksBuildPhase;
			buildActionMask = 2147483647;
			files = (
				E2D4615F3E3CB61880E51272 /* Pods_Todo3000.framework in Frameworks */,
			);
			runOnlyForDeploymentPostprocessing = 0;
		};
/* End PBXFrameworksBuildPhase section */

/* Begin PBXGroup section */
		5F2964AE21211A2D00151F8F = {
			isa = PBXGroup;
			children = (
				5F2964B921211A2D00151F8F /* Todo3000 */,
				5F2964B821211A2D00151F8F /* Products */,
				967462F7D81870311F8E903E /* Pods */,
				A3CC264F1F1B112122F1F466 /* Frameworks */,
			);
			sourceTree = "<group>";
		};
		5F2964B821211A2D00151F8F /* Products */ = {
			isa = PBXGroup;
			children = (
				5F2964B721211A2D00151F8F /* Todo3000.app */,
			);
			name = Products;
			sourceTree = "<group>";
		};
		5F2964B921211A2D00151F8F /* Todo3000 */ = {
			isa = PBXGroup;
			children = (
				5F2964C621211A2E00151F8F /* Info.plist */,
				5F2964BA21211A2D00151F8F /* AppDelegate.swift */,
				5F4414442144B1D50076FD08 /* Data Model */,
				5F4414472144B24D0076FD08 /* Controllers */,
				5F4414482144B2690076FD08 /* Views */,
				5F4414492144B28B0076FD08 /* Supporting Files */,
			);
			path = Todo3000;
			sourceTree = "<group>";
		};
		5F4414442144B1D50076FD08 /* Data Model */ = {
			isa = PBXGroup;
			children = (
				5F2A66F02154F32100E8415D /* Item.swift */,
				5F2A66F22154F33200E8415D /* Category.swift */,
			);
			path = "Data Model";
			sourceTree = "<group>";
		};
		5F4414472144B24D0076FD08 /* Controllers */ = {
			isa = PBXGroup;
			children = (
				5F44146E21489CD90076FD08 /* Categories.swift */,
				5F2964BC21211A2D00151F8F /* TodoList.swift */,
			);
			path = Controllers;
			sourceTree = "<group>";
		};
		5F4414482144B2690076FD08 /* Views */ = {
			isa = PBXGroup;
			children = (
				5F2964BE21211A2D00151F8F /* Main.storyboard */,
			);
			path = Views;
			sourceTree = "<group>";
		};
		5F4414492144B28B0076FD08 /* Supporting Files */ = {
			isa = PBXGroup;
			children = (
				5F2964C121211A2E00151F8F /* Assets.xcassets */,
				5F2964C321211A2E00151F8F /* LaunchScreen.storyboard */,
			);
			path = "Supporting Files";
			sourceTree = "<group>";
		};
		967462F7D81870311F8E903E /* Pods */ = {
			isa = PBXGroup;
			children = (
				7FE8A440ABC031FE9E9B03D0 /* Pods-Todo3000.debug.xcconfig */,
				F3B1395D94D35D71E0F999AA /* Pods-Todo3000.release.xcconfig */,
			);
			name = Pods;
			sourceTree = "<group>";
		};
		A3CC264F1F1B112122F1F466 /* Frameworks */ = {
			isa = PBXGroup;
			children = (
				5B030FD1B2661744A3A54BF0 /* Pods_Todo3000.framework */,
			);
			name = Frameworks;
			sourceTree = "<group>";
		};
/* End PBXGroup section */

/* Begin PBXNativeTarget section */
		5F2964B621211A2D00151F8F /* Todo3000 */ = {
			isa = PBXNativeTarget;
			buildConfigurationList = 5F2964C921211A2E00151F8F /* Build configuration list for PBXNativeTarget "Todo3000" */;
			buildPhases = (
				F712169E457FEC7C4223A3B6 /* [CP] Check Pods Manifest.lock */,
				5F2964B321211A2D00151F8F /* Sources */,
				5F2964B421211A2D00151F8F /* Frameworks */,
				5F2964B521211A2D00151F8F /* Resources */,
				AE89748C02F060756E5794BB /* [CP] Embed Pods Frameworks */,
			);
			buildRules = (
			);
			dependencies = (
			);
			name = Todo3000;
			productName = Todo3000;
			productReference = 5F2964B721211A2D00151F8F /* Todo3000.app */;
			productType = "com.apple.product-type.application";
		};
/* End PBXNativeTarget section */

/* Begin PBXProject section */
		5F2964AF21211A2D00151F8F /* Project object */ = {
			isa = PBXProject;
			attributes = {
				LastSwiftUpdateCheck = 0940;
				LastUpgradeCheck = 0940;
				ORGANIZATIONNAME = "Todd Matthews";
				TargetAttributes = {
					5F2964B621211A2D00151F8F = {
						CreatedOnToolsVersion = 9.4.1;
						LastSwiftMigration = 1000;
					};
				};
			};
			buildConfigurationList = 5F2964B221211A2D00151F8F /* Build configuration list for PBXProject "Todo3000" */;
			compatibilityVersion = "Xcode 9.3";
			developmentRegion = en;
			hasScannedForEncodings = 0;
			knownRegions = (
				en,
				Base,
			);
			mainGroup = 5F2964AE21211A2D00151F8F;
			productRefGroup = 5F2964B821211A2D00151F8F /* Products */;
			projectDirPath = "";
			projectRoot = "";
			targets = (
				5F2964B621211A2D00151F8F /* Todo3000 */,
			);
		};
/* End PBXProject section */

/* Begin PBXResourcesBuildPhase section */
		5F2964B521211A2D00151F8F /* Resources */ = {
			isa = PBXResourcesBuildPhase;
			buildActionMask = 2147483647;
			files = (
				5F2964C521211A2E00151F8F /* LaunchScreen.storyboard in Resources */,
				5F2964C221211A2E00151F8F /* Assets.xcassets in Resources */,
				5F2964C021211A2D00151F8F /* Main.storyboard in Resources */,
			);
			runOnlyForDeploymentPostprocessing = 0;
		};
/* End PBXResourcesBuildPhase section */

/* Begin PBXShellScriptBuildPhase section */
		AE89748C02F060756E5794BB /* [CP] Embed Pods Frameworks */ = {
			isa = PBXShellScriptBuildPhase;
			buildActionMask = 2147483647;
			files = (
			);
			inputPaths = (
				"${SRCROOT}/Pods/Target Support Files/Pods-Todo3000/Pods-Todo3000-frameworks.sh",
				"${BUILT_PRODUCTS_DIR}/Realm/Realm.framework",
				"${BUILT_PRODUCTS_DIR}/RealmSwift/RealmSwift.framework",
			);
			name = "[CP] Embed Pods Frameworks";
			outputPaths = (
				"${TARGET_BUILD_DIR}/${FRAMEWORKS_FOLDER_PATH}/Realm.framework",
				"${TARGET_BUILD_DIR}/${FRAMEWORKS_FOLDER_PATH}/RealmSwift.framework",
			);
			runOnlyForDeploymentPostprocessing = 0;
			shellPath = /bin/sh;
			shellScript = "\"${SRCROOT}/Pods/Target Support Files/Pods-Todo3000/Pods-Todo3000-frameworks.sh\"\n";
			showEnvVarsInLog = 0;
		};
		F712169E457FEC7C4223A3B6 /* [CP] Check Pods Manifest.lock */ = {
			isa = PBXShellScriptBuildPhase;
			buildActionMask = 2147483647;
			files = (
			);
			inputPaths = (
				"${PODS_PODFILE_DIR_PATH}/Podfile.lock",
				"${PODS_ROOT}/Manifest.lock",
			);
			name = "[CP] Check Pods Manifest.lock";
			outputPaths = (
				"$(DERIVED_FILE_DIR)/Pods-Todo3000-checkManifestLockResult.txt",
			);
			runOnlyForDeploymentPostprocessing = 0;
			shellPath = /bin/sh;
			shellScript = "diff \"${PODS_PODFILE_DIR_PATH}/Podfile.lock\" \"${PODS_ROOT}/Manifest.lock\" > /dev/null\nif [ $? != 0 ] ; then\n    # print error to STDERR\n    echo \"error: The sandbox is not in sync with the Podfile.lock. Run 'pod install' or update your CocoaPods installation.\" >&2\n    exit 1\nfi\n# This output is used by Xcode 'outputs' to avoid re-running this script phase.\necho \"SUCCESS\" > \"${SCRIPT_OUTPUT_FILE_0}\"\n";
			showEnvVarsInLog = 0;
		};
/* End PBXShellScriptBuildPhase section */

/* Begin PBXSourcesBuildPhase section */
		5F2964B321211A2D00151F8F /* Sources */ = {
			isa = PBXSourcesBuildPhase;
			buildActionMask = 2147483647;
			files = (
				5F2A66F12154F32100E8415D /* Item.swift in Sources */,
				5F2964BD21211A2D00151F8F /* TodoList.swift in Sources */,
				5F44146F21489CD90076FD08 /* Categories.swift in Sources */,
				5F2964BB21211A2D00151F8F /* AppDelegate.swift in Sources */,
				5F2A66F32154F33200E8415D /* Category.swift in Sources */,
			);
			runOnlyForDeploymentPostprocessing = 0;
		};
/* End PBXSourcesBuildPhase section */

/* Begin PBXVariantGroup section */
		5F2964BE21211A2D00151F8F /* Main.storyboard */ = {
			isa = PBXVariantGroup;
			children = (
				5F2964BF21211A2D00151F8F /* Base */,
			);
			name = Main.storyboard;
			sourceTree = "<group>";
		};
		5F2964C321211A2E00151F8F /* LaunchScreen.storyboard */ = {
			isa = PBXVariantGroup;
			children = (
				5F2964C421211A2E00151F8F /* Base */,
			);
			name = LaunchScreen.storyboard;
			sourceTree = "<group>";
		};
/* End PBXVariantGroup section */

/* Begin XCBuildConfiguration section */
		5F2964C721211A2E00151F8F /* Debug */ = {
			isa = XCBuildConfiguration;
			buildSettings = {
				ALWAYS_SEARCH_USER_PATHS = NO;
				CLANG_ANALYZER_NONNULL = YES;
				CLANG_ANALYZER_NUMBER_OBJECT_CONVERSION = YES_AGGRESSIVE;
				CLANG_CXX_LANGUAGE_STANDARD = "gnu++14";
				CLANG_CXX_LIBRARY = "libc++";
				CLANG_ENABLE_MODULES = YES;
				CLANG_ENABLE_OBJC_ARC = YES;
				CLANG_ENABLE_OBJC_WEAK = YES;
				CLANG_WARN_BLOCK_CAPTURE_AUTORELEASING = YES;
				CLANG_WARN_BOOL_CONVERSION = YES;
				CLANG_WARN_COMMA = YES;
				CLANG_WARN_CONSTANT_CONVERSION = YES;
				CLANG_WARN_DEPRECATED_OBJC_IMPLEMENTATIONS = YES;
				CLANG_WARN_DIRECT_OBJC_ISA_USAGE = YES_ERROR;
				CLANG_WARN_DOCUMENTATION_COMMENTS = YES;
				CLANG_WARN_EMPTY_BODY = YES;
				CLANG_WARN_ENUM_CONVERSION = YES;
				CLANG_WARN_INFINITE_RECURSION = YES;
				CLANG_WARN_INT_CONVERSION = YES;
				CLANG_WARN_NON_LITERAL_NULL_CONVERSION = YES;
				CLANG_WARN_OBJC_IMPLICIT_RETAIN_SELF = YES;
				CLANG_WARN_OBJC_LITERAL_CONVERSION = YES;
				CLANG_WARN_OBJC_ROOT_CLASS = YES_ERROR;
				CLANG_WARN_RANGE_LOOP_ANALYSIS = YES;
				CLANG_WARN_STRICT_PROTOTYPES = YES;
				CLANG_WARN_SUSPICIOUS_MOVE = YES;
				CLANG_WARN_UNGUARDED_AVAILABILITY = YES_AGGRESSIVE;
				CLANG_WARN_UNREACHABLE_CODE = YES;
				CLANG_WARN__DUPLICATE_METHOD_MATCH = YES;
				CODE_SIGN_IDENTITY = "iPhone Developer";
				COPY_PHASE_STRIP = NO;
				DEBUG_INFORMATION_FORMAT = dwarf;
				ENABLE_STRICT_OBJC_MSGSEND = YES;
				ENABLE_TESTABILITY = YES;
				GCC_C_LANGUAGE_STANDARD = gnu11;
				GCC_DYNAMIC_NO_PIC = NO;
				GCC_NO_COMMON_BLOCKS = YES;
				GCC_OPTIMIZATION_LEVEL = 0;
				GCC_PREPROCESSOR_DEFINITIONS = (
					"DEBUG=1",
					"$(inherited)",
				);
				GCC_WARN_64_TO_32_BIT_CONVERSION = YES;
				GCC_WARN_ABOUT_RETURN_TYPE = YES_ERROR;
				GCC_WARN_UNDECLARED_SELECTOR = YES;
				GCC_WARN_UNINITIALIZED_AUTOS = YES_AGGRESSIVE;
				GCC_WARN_UNUSED_FUNCTION = YES;
				GCC_WARN_UNUSED_VARIABLE = YES;
				IPHONEOS_DEPLOYMENT_TARGET = 11.4;
				MTL_ENABLE_DEBUG_INFO = YES;
				ONLY_ACTIVE_ARCH = YES;
				SDKROOT = iphoneos;
				SWIFT_ACTIVE_COMPILATION_CONDITIONS = DEBUG;
				SWIFT_OPTIMIZATION_LEVEL = "-Onone";
			};
			name = Debug;
		};
		5F2964C821211A2E00151F8F /* Release */ = {
			isa = XCBuildConfiguration;
			buildSettings = {
				ALWAYS_SEARCH_USER_PATHS = NO;
				CLANG_ANALYZER_NONNULL = YES;
				CLANG_ANALYZER_NUMBER_OBJECT_CONVERSION = YES_AGGRESSIVE;
				CLANG_CXX_LANGUAGE_STANDARD = "gnu++14";
				CLANG_CXX_LIBRARY = "libc++";
				CLANG_ENABLE_MODULES = YES;
				CLANG_ENABLE_OBJC_ARC = YES;
				CLANG_ENABLE_OBJC_WEAK = YES;
				CLANG_WARN_BLOCK_CAPTURE_AUTORELEASING = YES;
				CLANG_WARN_BOOL_CONVERSION = YES;
				CLANG_WARN_COMMA = YES;
				CLANG_WARN_CONSTANT_CONVERSION = YES;
				CLANG_WARN_DEPRECATED_OBJC_IMPLEMENTATIONS = YES;
				CLANG_WARN_DIRECT_OBJC_ISA_USAGE = YES_ERROR;
				CLANG_WARN_DOCUMENTATION_COMMENTS = YES;
				CLANG_WARN_EMPTY_BODY = YES;
				CLANG_WARN_ENUM_CONVERSION = YES;
				CLANG_WARN_INFINITE_RECURSION = YES;
				CLANG_WARN_INT_CONVERSION = YES;
				CLANG_WARN_NON_LITERAL_NULL_CONVERSION = YES;
				CLANG_WARN_OBJC_IMPLICIT_RETAIN_SELF = YES;
				CLANG_WARN_OBJC_LITERAL_CONVERSION = YES;
				CLANG_WARN_OBJC_ROOT_CLASS = YES_ERROR;
				CLANG_WARN_RANGE_LOOP_ANALYSIS = YES;
				CLANG_WARN_STRICT_PROTOTYPES = YES;
				CLANG_WARN_SUSPICIOUS_MOVE = YES;
				CLANG_WARN_UNGUARDED_AVAILABILITY = YES_AGGRESSIVE;
				CLANG_WARN_UNREACHABLE_CODE = YES;
				CLANG_WARN__DUPLICATE_METHOD_MATCH = YES;
				CODE_SIGN_IDENTITY = "iPhone Developer";
				COPY_PHASE_STRIP = NO;
				DEBUG_INFORMATION_FORMAT = "dwarf-with-dsym";
				ENABLE_NS_ASSERTIONS = NO;
				ENABLE_STRICT_OBJC_MSGSEND = YES;
				GCC_C_LANGUAGE_STANDARD = gnu11;
				GCC_NO_COMMON_BLOCKS = YES;
				GCC_WARN_64_TO_32_BIT_CONVERSION = YES;
				GCC_WARN_ABOUT_RETURN_TYPE = YES_ERROR;
				GCC_WARN_UNDECLARED_SELECTOR = YES;
				GCC_WARN_UNINITIALIZED_AUTOS = YES_AGGRESSIVE;
				GCC_WARN_UNUSED_FUNCTION = YES;
				GCC_WARN_UNUSED_VARIABLE = YES;
				IPHONEOS_DEPLOYMENT_TARGET = 11.4;
				MTL_ENABLE_DEBUG_INFO = NO;
				SDKROOT = iphoneos;
				SWIFT_COMPILATION_MODE = wholemodule;
				SWIFT_OPTIMIZATION_LEVEL = "-O";
				VALIDATE_PRODUCT = YES;
			};
			name = Release;
		};
		5F2964CA21211A2E00151F8F /* Debug */ = {
			isa = XCBuildConfiguration;
			baseConfigurationReference = 7FE8A440ABC031FE9E9B03D0 /* Pods-Todo3000.debug.xcconfig */;
			buildSettings = {
				ASSETCATALOG_COMPILER_APPICON_NAME = AppIcon;
				CODE_SIGN_STYLE = Automatic;
				DEVELOPMENT_TEAM = XS3NNQLGYC;
				INFOPLIST_FILE = Todo3000/Info.plist;
				LD_RUNPATH_SEARCH_PATHS = (
					"$(inherited)",
					"@executable_path/Frameworks",
				);
				PRODUCT_BUNDLE_IDENTIFIER = com.toddmatthews.Todo3000;
				PRODUCT_NAME = "$(TARGET_NAME)";
				SWIFT_VERSION = 4.2;
				TARGETED_DEVICE_FAMILY = "1,2";
			};
			name = Debug;
		};
		5F2964CB21211A2E00151F8F /* Release */ = {
			isa = XCBuildConfiguration;
			baseConfigurationReference = F3B1395D94D35D71E0F999AA /* Pods-Todo3000.release.xcconfig */;
			buildSettings = {
				ASSETCATALOG_COMPILER_APPICON_NAME = AppIcon;
				CODE_SIGN_STYLE = Automatic;
				DEVELOPMENT_TEAM = XS3NNQLGYC;
				INFOPLIST_FILE = Todo3000/Info.plist;
				LD_RUNPATH_SEARCH_PATHS = (
					"$(inherited)",
					"@executable_path/Frameworks",
				);
				PRODUCT_BUNDLE_IDENTIFIER = com.toddmatthews.Todo3000;
				PRODUCT_NAME = "$(TARGET_NAME)";
				SWIFT_VERSION = 4.2;
				TARGETED_DEVICE_FAMILY = "1,2";
			};
			name = Release;
		};
/* End XCBuildConfiguration section */

/* Begin XCConfigurationList section */
		5F2964B221211A2D00151F8F /* Build configuration list for PBXProject "Todo3000" */ = {
			isa = XCConfigurationList;
			buildConfigurations = (
				5F2964C721211A2E00151F8F /* Debug */,
				5F2964C821211A2E00151F8F /* Release */,
			);
			defaultConfigurationIsVisible = 0;
			defaultConfigurationName = Release;
		};
		5F2964C921211A2E00151F8F /* Build configuration list for PBXNativeTarget "Todo3000" */ = {
			isa = XCConfigurationList;
			buildConfigurations = (
				5F2964CA21211A2E00151F8F /* Debug */,
				5F2964CB21211A2E00151F8F /* Release */,
			);
			defaultConfigurationIsVisible = 0;
			defaultConfigurationName = Release;
		};
/* End XCConfigurationList section */
	};
	rootObject = 5F2964AF21211A2D00151F8F /* Project object */;
}
